
Microsoft Visual Studio Solution File, Format Version 12.00
# Visual Studio 15
VisualStudioVersion = 15.0.27428.2037
MinimumVisualStudioVersion = 10.0.40219.1
Project("{FAE04EC0-301F-11D3-BF4B-00C04F79EFBC}") = "Stock Archives API", "Stock Archives API\Stock Archives API.csproj", "{AAB1A293-9E63-4974-89FF-8C46F180F4DE}"
EndProject
Project("{FAE04EC0-301F-11D3-BF4B-00C04F79EFBC}") = "Models", "Models\Models.csproj", "{75A99F10-A9AC-413E-9C0F-E612A3E88DE1}"
EndProject
Project("{FAE04EC0-301F-11D3-BF4B-00C04F79EFBC}") = "Services", "Services\Services.csproj", "{1DC11447-D9EA-465D-BD35-CC2C222E084E}"
EndProject
Project("{FAE04EC0-301F-11D3-BF4B-00C04F79EFBC}") = "Repository", "Repository\Repository.csproj", "{76F9A332-5267-4F03-A54E-B87DDED0FC0C}"
EndProject
Global
	GlobalSection(SolutionConfigurationPlatforms) = preSolution
		Debug|Any CPU = Debug|Any CPU
		Release|Any CPU = Release|Any CPU
	EndGlobalSection
	GlobalSection(ProjectConfigurationPlatforms) = postSolution
		{AAB1A293-9E63-4974-89FF-8C46F180F4DE}.Debug|Any CPU.ActiveCfg = Debug|Any CPU
		{AAB1A293-9E63-4974-89FF-8C46F180F4DE}.Debug|Any CPU.Build.0 = Debug|Any CPU
		{AAB1A293-9E63-4974-89FF-8C46F180F4DE}.Release|Any CPU.ActiveCfg = Release|Any CPU
		{AAB1A293-9E63-4974-89FF-8C46F180F4DE}.Release|Any CPU.Build.0 = Release|Any CPU
		{75A99F10-A9AC-413E-9C0F-E612A3E88DE1}.Debug|Any CPU.ActiveCfg = Debug|Any CPU
		{75A99F10-A9AC-413E-9C0F-E612A3E88DE1}.Debug|Any CPU.Build.0 = Debug|Any CPU
		{75A99F10-A9AC-413E-9C0F-E612A3E88DE1}.Release|Any CPU.ActiveCfg = Release|Any CPU
		{75A99F10-A9AC-413E-9C0F-E612A3E88DE1}.Release|Any CPU.Build.0 = Release|Any CPU
		{1DC11447-D9EA-465D-BD35-CC2C222E084E}.Debug|Any CPU.ActiveCfg = Debug|Any CPU
		{1DC11447-D9EA-465D-BD35-CC2C222E084E}.Debug|Any CPU.Build.0 = Debug|Any CPU
		{1DC11447-D9EA-465D-BD35-CC2C222E084E}.Release|Any CPU.ActiveCfg = Release|Any CPU
		{1DC11447-D9EA-465D-BD35-CC2C222E084E}.Release|Any CPU.Build.0 = Release|Any CPU
		{76F9A332-5267-4F03-A54E-B87DDED0FC0C}.Debug|Any CPU.ActiveCfg = Debug|Any CPU
		{76F9A332-5267-4F03-A54E-B87DDED0FC0C}.Debug|Any CPU.Build.0 = Debug|Any CPU
		{76F9A332-5267-4F03-A54E-B87DDED0FC0C}.Release|Any CPU.ActiveCfg = Release|Any CPU
		{76F9A332-5267-4F03-A54E-B87DDED0FC0C}.Release|Any CPU.Build.0 = Release|Any CPU
	EndGlobalSection
	GlobalSection(SolutionProperties) = preSolution
		HideSolutionNode = FALSE
	EndGlobalSection
	GlobalSection(ExtensibilityGlobals) = postSolution
		SolutionGuid = {2C490807-B579-4050-876D-29DA470CDF6D}
	EndGlobalSection
EndGlobal
